PODS:
  - connectivity_plus (0.0.1):
    - Flutter
  - device_info_plus (0.0.1):
    - Flutter
  - Flutter (1.0.0)
  - flutter_secure_storage (6.0.0):
    - Flutter
  - package_info_plus (0.4.5):
    - Flutter
  - path_provider_foundation (0.0.1):
    - Flutter
    - FlutterMacOS
  - shared_preferences_foundation (0.0.1):
    - Flutter
    - FlutterMacOS

DEPENDENCIES:
  - connectivity_plus (from `.symlinks/plugins/connectivity_plus/ios`)
  - device_info_plus (from `.symlinks/plugins/device_info_plus/ios`)
  - Flutter (from `Flutter`)
  - flutter_secure_storage (from `.symlinks/plugins/flutter_secure_storage/ios`)
  - package_info_plus (from `.symlinks/plugins/package_info_plus/ios`)
  - path_provider_foundation (from `.symlinks/plugins/path_provider_foundation/darwin`)
  - shared_preferences_foundation (from `.symlinks/plugins/shared_preferences_foundation/darwin`)

EXTERNAL SOURCES:
  connectivity_plus:
    :path: ".symlinks/plugins/connectivity_plus/ios"
  device_info_plus:
    :path: ".symlinks/plugins/device_info_plus/ios"
  Flutter:
    :path: Flutter
  flutter_secure_storage:
    :path: ".symlinks/plugins/flutter_secure_storage/ios"
  package_info_plus:
    :path: ".symlinks/plugins/package_info_plus/ios"
  path_provider_foundation:
    :path: ".symlinks/plugins/path_provider_foundation/darwin"
  shared_preferences_foundation:
    :path: ".symlinks/plugins/shared_preferences_foundation/darwin"

SPEC CHECKSUMS:
  connectivity_plus: 2a701ffec2c0ae28a48cf7540e279787e77c447d
  device_info_plus: bf2e3232933866d73fe290f2942f2156cdd10342
  Flutter: cabc95a1d2626b1b06e7179b784ebcf0c0cde467
  flutter_secure_storage: d33dac7ae2ea08509be337e775f6b59f1ff45f12
  package_info_plus: c0502532a26c7662a62a356cebe2692ec5fe4ec4
  path_provider_foundation: 0b743cbb62d8e47eab856f09262bb8c1ddcfe6ba
  shared_preferences_foundation: 5086985c1d43c5ba4d5e69a4e8083a389e2909e6

PODFILE CHECKSUM: 3c63482e143d1b91d2d2560aee9fb04ecc74ac7e

COCOAPODS: 1.16.2
